
Microsoft Visual Studio Solution File, Format Version 12.00
# Visual Studio 2013
VisualStudioVersion = 12.0.0.0
MinimumVisualStudioVersion = 10.0.0.1
Project("{FAE04EC0-301F-11D3-BF4B-00C04F79EFBC}") = "Tests", "Tests\Tests.csproj", "{2B214E5F-DF6B-4E4F-95E1-117A0C605D04}"
EndProject
Project("{FAE04EC0-301F-11D3-BF4B-00C04F79EFBC}") = "GenEntitas", "GenEntitas\GenEntitas.csproj", "{1E517FBC-1F12-4FD9-9CDA-CA08C4F2B5E9}"
EndProject
Global
	GlobalSection(SolutionConfigurationPlatforms) = preSolution
		Debug|Any CPU = Debug|Any CPU
		Release|Any CPU = Release|Any CPU
	EndGlobalSection
	GlobalSection(ProjectConfigurationPlatforms) = postSolution
		{2B214E5F-DF6B-4E4F-95E1-117A0C605D04}.Debug|Any CPU.ActiveCfg = Debug|Any CPU
		{2B214E5F-DF6B-4E4F-95E1-117A0C605D04}.Debug|Any CPU.Build.0 = Debug|Any CPU
		{2B214E5F-DF6B-4E4F-95E1-117A0C605D04}.Release|Any CPU.ActiveCfg = Release|Any CPU
		{2B214E5F-DF6B-4E4F-95E1-117A0C605D04}.Release|Any CPU.Build.0 = Release|Any CPU
		{1E517FBC-1F12-4FD9-9CDA-CA08C4F2B5E9}.Debug|Any CPU.ActiveCfg = Debug|Any CPU
		{1E517FBC-1F12-4FD9-9CDA-CA08C4F2B5E9}.Debug|Any CPU.Build.0 = Debug|Any CPU
		{1E517FBC-1F12-4FD9-9CDA-CA08C4F2B5E9}.Release|Any CPU.ActiveCfg = Release|Any CPU
		{1E517FBC-1F12-4FD9-9CDA-CA08C4F2B5E9}.Release|Any CPU.Build.0 = Release|Any CPU
	EndGlobalSection
	GlobalSection(SolutionProperties) = preSolution
		HideSolutionNode = FALSE
	EndGlobalSection
EndGlobal
